
Microsoft Visual Studio Solution File, Format Version 12.00
# Visual Studio Version 17
VisualStudioVersion = 17.1.32210.238
MinimumVisualStudioVersion = 10.0.40219.1
Project("{FAE04EC0-301F-11D3-BF4B-00C04F79EFBC}") = "UAS_096", "UAS_096.csproj", "{C30EAADD-0D5B-4F5A-8E18-6A8B89983429}"
EndProject
Global
	GlobalSection(SolutionConfigurationPlatforms) = preSolution
		Debug|Any CPU = Debug|Any CPU
		Release|Any CPU = Release|Any CPU
	EndGlobalSection
	GlobalSection(ProjectConfigurationPlatforms) = postSolution
		{C30EAADD-0D5B-4F5A-8E18-6A8B89983429}.Debug|Any CPU.ActiveCfg = Debug|Any CPU
		{C30EAADD-0D5B-4F5A-8E18-6A8B89983429}.Debug|Any CPU.Build.0 = Debug|Any CPU
		{C30EAADD-0D5B-4F5A-8E18-6A8B89983429}.Release|Any CPU.ActiveCfg = Release|Any CPU
		{C30EAADD-0D5B-4F5A-8E18-6A8B89983429}.Release|Any CPU.Build.0 = Release|Any CPU
	EndGlobalSection
	GlobalSection(SolutionProperties) = preSolution
		HideSolutionNode = FALSE
	EndGlobalSection
	GlobalSection(ExtensibilityGlobals) = postSolution
		SolutionGuid = {19B4A854-C709-4D2F-98C1-2A1999D14741}
	EndGlobalSection
EndGlobal
